# THIS IS AN AUTOGENERATED FILE. DO NOT EDIT THIS FILE DIRECTLY.
# yarn lockfile v1


updateforge-js@^1.0.2:
  version "1.0.2"
  resolved "https://registry.yarnpkg.com/updateforge-js/-/updateforge-js-1.0.2.tgz#9a6968d3c5a2fe6e9d34c78850a3ad50725c908f"
  integrity sha512-JHEniqA+BdDUFa2i5WkRkMiuSMaHrKJC9tUcGVGaFBEeNIk1oUimLy5fJ9BLWhmZPXxUTv9Gli6SIU0wSWL6Jw==
